# THIS IS AN AUTOGENERATED FILE. DO NOT EDIT THIS FILE DIRECTLY.
# yarn lockfile v1


"@esbuild/aix-ppc64@0.21.4":
  version "0.21.4"
  resolved "https://registry.yarnpkg.com/@esbuild/aix-ppc64/-/aix-ppc64-0.21.4.tgz#f83eb142df3ca7b49531c1ed680b81e484316508"
  integrity sha512-Zrm+B33R4LWPLjDEVnEqt2+SLTATlru1q/xYKVn8oVTbiRBGmK2VIMoIYGJDGyftnGaC788IuzGFAlb7IQ0Y8A==

"@esbuild/android-arm64@0.21.4":
  version "0.21.4"
  resolved "https://registry.yarnpkg.com/@esbuild/android-arm64/-/android-arm64-0.21.4.tgz#dd328039daccd6033b2d1e536c054914bfc92287"
  integrity sha512-fYFnz+ObClJ3dNiITySBUx+oNalYUT18/AryMxfovLkYWbutXsct3Wz2ZWAcGGppp+RVVX5FiXeLYGi97umisA==

"@esbuild/android-arm@0.21.4":
  version "0.21.4"
  resolved "https://registry.yarnpkg.com/@esbuild/android-arm/-/android-arm-0.21.4.tgz#76767a989720a97b206ea14c52af6e4589e48b0d"
  integrity sha512-E7H/yTd8kGQfY4z9t3nRPk/hrhaCajfA3YSQSBrst8B+3uTcgsi8N+ZWYCaeIDsiVs6m65JPCaQN/DxBRclF3A==

"@esbuild/android-x64@0.21.4":
  version "0.21.4"
  resolved "https://registry.yarnpkg.com/@esbuild/android-x64/-/android-x64-0.21.4.tgz#14a8ae3c35702d882086efb5a8f8d7b0038d8d35"
  integrity sha512-mDqmlge3hFbEPbCWxp4fM6hqq7aZfLEHZAKGP9viq9wMUBVQx202aDIfc3l+d2cKhUJM741VrCXEzRFhPDKH3Q==

"@esbuild/darwin-arm64@0.21.4":
  version "0.21.4"
  resolved "https://registry.yarnpkg.com/@esbuild/darwin-arm64/-/darwin-arm64-0.21.4.tgz#7e735046005e4c12e9139e0bdd1fa6a754430d57"
  integrity sha512-72eaIrDZDSiWqpmCzVaBD58c8ea8cw/U0fq/PPOTqE3c53D0xVMRt2ooIABZ6/wj99Y+h4ksT/+I+srCDLU9TA==

"@esbuild/darwin-x64@0.21.4":
  version "0.21.4"
  resolved "https://registry.yarnpkg.com/@esbuild/darwin-x64/-/darwin-x64-0.21.4.tgz#db623553547a5fe3502a63aa88306e9023178482"
  integrity sha512-uBsuwRMehGmw1JC7Vecu/upOjTsMhgahmDkWhGLWxIgUn2x/Y4tIwUZngsmVb6XyPSTXJYS4YiASKPcm9Zitag==

"@esbuild/freebsd-arm64@0.21.4":
  version "0.21.4"
  resolved "https://registry.yarnpkg.com/@esbuild/freebsd-arm64/-/freebsd-arm64-0.21.4.tgz#91cbad647c079bf932086fbd4749d7f563df67b8"
  integrity sha512-8JfuSC6YMSAEIZIWNL3GtdUT5NhUA/CMUCpZdDRolUXNAXEE/Vbpe6qlGLpfThtY5NwXq8Hi4nJy4YfPh+TwAg==

"@esbuild/freebsd-x64@0.21.4":
  version "0.21.4"
  resolved "https://registry.yarnpkg.com/@esbuild/freebsd-x64/-/freebsd-x64-0.21.4.tgz#723299b9859ccbe5532fecbadba3ac33019ba8e8"
  integrity sha512-8d9y9eQhxv4ef7JmXny7591P/PYsDFc4+STaxC1GBv0tMyCdyWfXu2jBuqRsyhY8uL2HU8uPyscgE2KxCY9imQ==

"@esbuild/linux-arm64@0.21.4":
  version "0.21.4"
  resolved "https://registry.yarnpkg.com/@esbuild/linux-arm64/-/linux-arm64-0.21.4.tgz#531743f861e1ef6e50b874d6c784cda37aa5e685"
  integrity sha512-/GLD2orjNU50v9PcxNpYZi+y8dJ7e7/LhQukN3S4jNDXCKkyyiyAz9zDw3siZ7Eh1tRcnCHAo/WcqKMzmi4eMQ==

"@esbuild/linux-arm@0.21.4":
  version "0.21.4"
  resolved "https://registry.yarnpkg.com/@esbuild/linux-arm/-/linux-arm-0.21.4.tgz#1144b5654764960dd97d90ddf0893a9afc63ad91"
  integrity sha512-2rqFFefpYmpMs+FWjkzSgXg5vViocqpq5a1PSRgT0AvSgxoXmGF17qfGAzKedg6wAwyM7UltrKVo9kxaJLMF/g==

"@esbuild/linux-ia32@0.21.4":
  version "0.21.4"
  resolved "https://registry.yarnpkg.com/@esbuild/linux-ia32/-/linux-ia32-0.21.4.tgz#c81b6f2ed3308d3b75ccefb5ac63bc4cf3a9d2e9"
  integrity sha512-pNftBl7m/tFG3t2m/tSjuYeWIffzwAZT9m08+9DPLizxVOsUl8DdFzn9HvJrTQwe3wvJnwTdl92AonY36w/25g==

"@esbuild/linux-loong64@0.21.4":
  version "0.21.4"
  resolved "https://registry.yarnpkg.com/@esbuild/linux-loong64/-/linux-loong64-0.21.4.tgz#87b6af7cd0f2551653955fc2dc465b7f4464af0a"
  integrity sha512-cSD2gzCK5LuVX+hszzXQzlWya6c7hilO71L9h4KHwqI4qeqZ57bAtkgcC2YioXjsbfAv4lPn3qe3b00Zt+jIfQ==

"@esbuild/linux-mips64el@0.21.4":
  version "0.21.4"
  resolved "https://registry.yarnpkg.com/@esbuild/linux-mips64el/-/linux-mips64el-0.21.4.tgz#fec73cd39490a0c45d052bef03e011a0ad366c06"
  integrity sha512-qtzAd3BJh7UdbiXCrg6npWLYU0YpufsV9XlufKhMhYMJGJCdfX/G6+PNd0+v877X1JG5VmjBLUiFB0o8EUSicA==

"@esbuild/linux-ppc64@0.21.4":
  version "0.21.4"
  resolved "https://registry.yarnpkg.com/@esbuild/linux-ppc64/-/linux-ppc64-0.21.4.tgz#ea3b5e13b0fc8666bd4c6f7ea58bd1830f3e6e78"
  integrity sha512-yB8AYzOTaL0D5+2a4xEy7OVvbcypvDR05MsB/VVPVA7nL4hc5w5Dyd/ddnayStDgJE59fAgNEOdLhBxjfx5+dg==

"@esbuild/linux-riscv64@0.21.4":
  version "0.21.4"
  resolved "https://registry.yarnpkg.com/@esbuild/linux-riscv64/-/linux-riscv64-0.21.4.tgz#80d406f653fc6b193edaeb55ac88d4ac22c8f155"
  integrity sha512-Y5AgOuVzPjQdgU59ramLoqSSiXddu7F3F+LI5hYy/d1UHN7K5oLzYBDZe23QmQJ9PIVUXwOdKJ/jZahPdxzm9w==

"@esbuild/linux-s390x@0.21.4":
  version "0.21.4"
  resolved "https://registry.yarnpkg.com/@esbuild/linux-s390x/-/linux-s390x-0.21.4.tgz#9cbd26854b5b12cf22fb54c96cd1adffaf6ace6f"
  integrity sha512-Iqc/l/FFwtt8FoTK9riYv9zQNms7B8u+vAI/rxKuN10HgQIXaPzKZc479lZ0x6+vKVQbu55GdpYpeNWzjOhgbA==

"@esbuild/linux-x64@0.21.4":
  version "0.21.4"
  resolved "https://registry.yarnpkg.com/@esbuild/linux-x64/-/linux-x64-0.21.4.tgz#44dfe1c5cad855362c830c604dba97fbb16fc114"
  integrity sha512-Td9jv782UMAFsuLZINfUpoF5mZIbAj+jv1YVtE58rFtfvoKRiKSkRGQfHTgKamLVT/fO7203bHa3wU122V/Bdg==

"@esbuild/netbsd-x64@0.21.4":
  version "0.21.4"
  resolved "https://registry.yarnpkg.com/@esbuild/netbsd-x64/-/netbsd-x64-0.21.4.tgz#89b97d823e1cc4bf8c4e5dc8f76c8d6ceb1c87f3"
  integrity sha512-Awn38oSXxsPMQxaV0Ipb7W/gxZtk5Tx3+W+rAPdZkyEhQ6968r9NvtkjhnhbEgWXYbgV+JEONJ6PcdBS+nlcpA==

"@esbuild/openbsd-x64@0.21.4":
  version "0.21.4"
  resolved "https://registry.yarnpkg.com/@esbuild/openbsd-x64/-/openbsd-x64-0.21.4.tgz#080715bb4981c326364320d7b56835608e2bd98d"
  integrity sha512-IsUmQeCY0aU374R82fxIPu6vkOybWIMc3hVGZ3ChRwL9hA1TwY+tS0lgFWV5+F1+1ssuvvXt3HFqe8roCip8Hg==

"@esbuild/sunos-x64@0.21.4":
  version "0.21.4"
  resolved "https://registry.yarnpkg.com/@esbuild/sunos-x64/-/sunos-x64-0.21.4.tgz#8d838a8ac80e211536490108b72fb0091a811626"
  integrity sha512-hsKhgZ4teLUaDA6FG/QIu2q0rI6I36tZVfM4DBZv3BG0mkMIdEnMbhc4xwLvLJSS22uWmaVkFkqWgIS0gPIm+A==

"@esbuild/win32-arm64@0.21.4":
  version "0.21.4"
  resolved "https://registry.yarnpkg.com/@esbuild/win32-arm64/-/win32-arm64-0.21.4.tgz#94afb4c2ac89b0f09791606d6d93fdab322f81c8"
  integrity sha512-UUfMgMoXPoA/bvGUNfUBFLCh0gt9dxZYIx9W4rfJr7+hKe5jxxHmfOK8YSH4qsHLLN4Ck8JZ+v7Q5fIm1huErg==

"@esbuild/win32-ia32@0.21.4":
  version "0.21.4"
  resolved "https://registry.yarnpkg.com/@esbuild/win32-ia32/-/win32-ia32-0.21.4.tgz#822085cd52f2f1dd90eabb59346ffa779c0bab83"
  integrity sha512-yIxbspZb5kGCAHWm8dexALQ9en1IYDfErzjSEq1KzXFniHv019VT3mNtTK7t8qdy4TwT6QYHI9sEZabONHg+aw==

"@esbuild/win32-x64@0.21.4":
  version "0.21.4"
  resolved "https://registry.yarnpkg.com/@esbuild/win32-x64/-/win32-x64-0.21.4.tgz#11ef0398f9abee161193461910a507ef0d4c0c32"
  integrity sha512-sywLRD3UK/qRJt0oBwdpYLBibk7KiRfbswmWRDabuncQYSlf8aLEEUor/oP6KRz8KEG+HoiVLBhPRD5JWjS8Sg==

esbuild@0.21.4:
  version "0.21.4"
  resolved "https://registry.yarnpkg.com/esbuild/-/esbuild-0.21.4.tgz#ceb501def8edb12a5bfd9c55f3a96db698edf022"
  integrity sha512-sFMcNNrj+Q0ZDolrp5pDhH0nRPN9hLIM3fRPwgbLYJeSHHgnXSnbV3xYgSVuOeLWH9c73VwmEverVzupIv5xuA==
  optionalDependencies:
    "@esbuild/aix-ppc64" "0.21.4"
    "@esbuild/android-arm" "0.21.4"
    "@esbuild/android-arm64" "0.21.4"
    "@esbuild/android-x64" "0.21.4"
    "@esbuild/darwin-arm64" "0.21.4"
    "@esbuild/darwin-x64" "0.21.4"
    "@esbuild/freebsd-arm64" "0.21.4"
    "@esbuild/freebsd-x64" "0.21.4"
    "@esbuild/linux-arm" "0.21.4"
    "@esbuild/linux-arm64" "0.21.4"
    "@esbuild/linux-ia32" "0.21.4"
    "@esbuild/linux-loong64" "0.21.4"
    "@esbuild/linux-mips64el" "0.21.4"
    "@esbuild/linux-ppc64" "0.21.4"
    "@esbuild/linux-riscv64" "0.21.4"
    "@esbuild/linux-s390x" "0.21.4"
    "@esbuild/linux-x64" "0.21.4"
    "@esbuild/netbsd-x64" "0.21.4"
    "@esbuild/openbsd-x64" "0.21.4"
    "@esbuild/sunos-x64" "0.21.4"
    "@esbuild/win32-arm64" "0.21.4"
    "@esbuild/win32-ia32" "0.21.4"
    "@esbuild/win32-x64" "0.21.4"

find-up@6.3.0:
  version "6.3.0"
  resolved "https://registry.yarnpkg.com/find-up/-/find-up-6.3.0.tgz#2abab3d3280b2dc7ac10199ef324c4e002c8c790"
  integrity "sha1-Krqz0ygLLcesEBme8yTE4ALIx5A= sha512-v2ZsoEuVHYy8ZIlYqwPe/39Cy+cFDzp4dXPaxNvkEuouymu+2Jbz0PxpKarJHYJTmv2HWT3O382qY8l4jMWthw=="
  dependencies:
    locate-path "^7.1.0"
    path-exists "^5.0.0"

locate-path@^7.1.0:
  version "7.1.0"
  resolved "https://registry.yarnpkg.com/locate-path/-/locate-path-7.1.0.tgz#241d62af60739f6097c055efe10329c88b798425"
  integrity "sha1-JB1ir2Bzn2CXwFXv4QMpyIt5hCU= sha512-HNx5uOnYeK4SxEoid5qnhRfprlJeGMzFRKPLCf/15N3/B4AiofNwC/yq7VBKdVk9dx7m+PiYCJOGg55JYTAqoQ=="
  dependencies:
    p-locate "^6.0.0"

p-limit@^4.0.0:
  version "4.0.0"
  resolved "https://registry.yarnpkg.com/p-limit/-/p-limit-4.0.0.tgz#914af6544ed32bfa54670b061cafcbd04984b644"
  integrity "sha1-kUr2VE7TK/pUZwsGHK/L0EmEtkQ= sha512-5b0R4txpzjPWVw/cXXUResoD4hb6U/x9BH08L7nw+GN1sezDzPdxeRvpc9c433fZhBan/wusjbCsqwqm4EIBIQ=="
  dependencies:
    yocto-queue "^1.0.0"

p-locate@^6.0.0:
  version "6.0.0"
  resolved "https://registry.yarnpkg.com/p-locate/-/p-locate-6.0.0.tgz#3da9a49d4934b901089dca3302fa65dc5a05c04f"
  integrity "sha1-PamknUk0uQEIncozAvpl3FoFwE8= sha512-wPrq66Llhl7/4AGC6I+cqxT07LhXvWL08LNXz1fENOw0Ap4sRZZ/gZpTTJ5jpurzzzfS2W/Ge9BY3LgLjCShcw=="
  dependencies:
    p-limit "^4.0.0"

path-exists@^5.0.0:
  version "5.0.0"
  resolved "https://registry.yarnpkg.com/path-exists/-/path-exists-5.0.0.tgz#a6aad9489200b21fab31e49cf09277e5116fb9e7"
  integrity "sha1-pqrZSJIAsh+rMeSc8JJ35RFvuec= sha512-RjhtfwJOxzcFmNOi6ltcbcu4Iu+FL3zEj83dk4kAS+fVpTxXLO1b38RvJgT/0QwvV/L3aY9TAnyv0EOqW4GoMQ=="

yocto-queue@^1.0.0:
  version "1.0.0"
  resolved "https://registry.yarnpkg.com/yocto-queue/-/yocto-queue-1.0.0.tgz#7f816433fb2cbc511ec8bf7d263c3b58a1a3c251"
  integrity "sha1-f4FkM/ssvFEeyL99Jjw7WKGjwlE= sha512-9bnSc/HEW2uRy67wc+T8UwauLuPJVn28jb+GtJY16iiKWyvmYJRXVT4UamsAEGQfPohgr2q4Tq0sQbQlxTfi1g=="
